
Microsoft Visual Studio Solution File, Format Version 12.00
# Visual Studio Version 16
VisualStudioVersion = 16.0.29418.71
MinimumVisualStudioVersion = 10.0.40219.1
Project("{8BC9CEB8-8B4A-11D0-8D11-00A0C91BC942}") = "301Darts", "301Darts.vcxproj", "{7E4BA074-7EC8-4B1A-A36E-76BDE3988A9E}"
EndProject
Global
	GlobalSection(SolutionConfigurationPlatforms) = preSolution
		Debug|x64 = Debug|x64
		Debug|x86 = Debug|x86
		Release|x64 = Release|x64
		Release|x86 = Release|x86
	EndGlobalSection
	GlobalSection(ProjectConfigurationPlatforms) = postSolution
		{7E4BA074-7EC8-4B1A-A36E-76BDE3988A9E}.Debug|x64.ActiveCfg = Debug|x64
		{7E4BA074-7EC8-4B1A-A36E-76BDE3988A9E}.Debug|x64.Build.0 = Debug|x64
		{7E4BA074-7EC8-4B1A-A36E-76BDE3988A9E}.Debug|x86.ActiveCfg = Debug|Win32
		{7E4BA074-7EC8-4B1A-A36E-76BDE3988A9E}.Debug|x86.Build.0 = Debug|Win32
		{7E4BA074-7EC8-4B1A-A36E-76BDE3988A9E}.Release|x64.ActiveCfg = Release|x64
		{7E4BA074-7EC8-4B1A-A36E-76BDE3988A9E}.Release|x64.Build.0 = Release|x64
		{7E4BA074-7EC8-4B1A-A36E-76BDE3988A9E}.Release|x86.ActiveCfg = Release|Win32
		{7E4BA074-7EC8-4B1A-A36E-76BDE3988A9E}.Release|x86.Build.0 = Release|Win32
	EndGlobalSection
	GlobalSection(SolutionProperties) = preSolution
		HideSolutionNode = FALSE
	EndGlobalSection
	GlobalSection(ExtensibilityGlobals) = postSolution
		SolutionGuid = {C53284EE-A3E8-4869-8311-666BD622EEA2}
	EndGlobalSection
EndGlobal
